# This file was autogenerated by Stack.
# You should not edit this file by hand.
# For more information, please see the documentation at:
#   https://docs.haskellstack.org/en/stable/lock_files

packages:
- completed:
    cabal-file:
      size: 2531
      sha256: 5eb50363b5f7a5539d91db5ce245adc2fd5bec634c58ad8c9498fcfd1c183d69
    name: plugins
    version: 1.6.0
    git: git@github.com:v-e-h/plugins.git
    pantry-tree:
      size: 34501
      sha256: bcd754b80924fc9c852557ea2a79947eab426e7fc6ef07ae82bccac9e7c4ab91
    commit: e175d3c2ea9a8cc08126d37d9e30a327d8dc8b29
  original:
    git: git@github.com:v-e-h/plugins.git
    commit: e175d3c2ea9a8cc08126d37d9e30a327d8dc8b29
- completed:
    hackage: haskeline-0.8.1.0@sha256:6a6158c90b929ce7aa5331ff5e9819aa32c7df8f4a7ba324b3cc055ee96b48cb,5818
    pantry-tree:
      size: 2955
      sha256: b80332551d20389637851299b618679a8435531bed1fed905195ae7163526999
  original:
    hackage: haskeline-0.8.1.0
snapshots:
- completed:
    size: 532381
    url: https://raw.githubusercontent.com/commercialhaskell/stackage-snapshots/master/lts/16/13.yaml
    sha256: 6ee17f7996e5bc75ae4406250841f1362ad4196418a4d90a0615ff4f26ac98df
  original: lts-16.13
